
Microsoft Visual Studio Solution File, Format Version 12.00
# Visual Studio 15
VisualStudioVersion = 15.0.28010.2041
MinimumVisualStudioVersion = 10.0.40219.1
Project("{FAE04EC0-301F-11D3-BF4B-00C04F79EFBC}") = "Text_NLS_Fix_Tool", "Text_NLS_Fix_Tool\Text_NLS_Fix_Tool.csproj", "{7F9BE8D8-BAC9-4813-8F9F-AB2AB49492DB}"
EndProject
Global
	GlobalSection(SolutionConfigurationPlatforms) = preSolution
		Debug|Any CPU = Debug|Any CPU
		Release|Any CPU = Release|Any CPU
	EndGlobalSection
	GlobalSection(ProjectConfigurationPlatforms) = postSolution
		{7F9BE8D8-BAC9-4813-8F9F-AB2AB49492DB}.Debug|Any CPU.ActiveCfg = Debug|Any CPU
		{7F9BE8D8-BAC9-4813-8F9F-AB2AB49492DB}.Debug|Any CPU.Build.0 = Debug|Any CPU
		{7F9BE8D8-BAC9-4813-8F9F-AB2AB49492DB}.Release|Any CPU.ActiveCfg = Release|Any CPU
		{7F9BE8D8-BAC9-4813-8F9F-AB2AB49492DB}.Release|Any CPU.Build.0 = Release|Any CPU
	EndGlobalSection
	GlobalSection(SolutionProperties) = preSolution
		HideSolutionNode = FALSE
	EndGlobalSection
	GlobalSection(ExtensibilityGlobals) = postSolution
		SolutionGuid = {7990C0EE-8FEB-43ED-84F9-028A86CF14DC}
	EndGlobalSection
EndGlobal
